// !$*UTF8*$!
{
	archiveVersion = 1;
	classes = {
	};
	objectVersion = 46;
	objects = {

/* Begin PBXBuildFile section */
		EB0E0EBF19E7074E00B7EEBE /* video_1080p.mp4 in Resources */ = {isa = PBXBuildFile; fileRef = EB0E0EBE19E706E100B7EEBE /* video_1080p.mp4 */; };
		EB0E0EC119E71C8800B7EEBE /* video_720p.mov in Resources */ = {isa = PBXBuildFile; fileRef = EB0E0EC019E71C8800B7EEBE /* video_720p.mov */; };
		EB30275819E3334200F84F91 /* AppDelegate.swift in Sources */ = {isa = PBXBuildFile; fileRef = EB30275719E3334200F84F91 /* AppDelegate.swift */; };
		EB30275A19E3334200F84F91 /* ViewController.swift in Sources */ = {isa = PBXBuildFile; fileRef = EB30275919E3334200F84F91 /* ViewController.swift */; };
		EB30275D19E3334200F84F91 /* Main.storyboard in Resources */ = {isa = PBXBuildFile; fileRef = EB30275B19E3334200F84F91 /* Main.storyboard */; };
		EB30275F19E3334200F84F91 /* Images.xcassets in Resources */ = {isa = PBXBuildFile; fileRef = EB30275E19E3334200F84F91 /* Images.xcassets */; };
		EB30276219E3334200F84F91 /* LaunchScreen.xib in Resources */ = {isa = PBXBuildFile; fileRef = EB30276019E3334200F84F91 /* LaunchScreen.xib */; };
		EB30276E19E3334200F84F91 /* TestProjectControllerTests.swift in Sources */ = {isa = PBXBuildFile; fileRef = EB30276D19E3334200F84F91 /* TestProjectControllerTests.swift */; };
		EB30277819E3337300F84F91 /* CMProjectController.swift in Sources */ = {isa = PBXBuildFile; fileRef = EB30277719E3337300F84F91 /* CMProjectController.swift */; };
		EB498B0519E5BF6F0096CA0A /* Nantucket Island Grove.mov in Resources */ = {isa = PBXBuildFile; fileRef = EB498B0419E5BF6F0096CA0A /* Nantucket Island Grove.mov */; };
/* End PBXBuildFile section */

/* Begin PBXContainerItemProxy section */
		EB30276819E3334200F84F91 /* PBXContainerItemProxy */ = {
			isa = PBXContainerItemProxy;
			containerPortal = EB30274A19E3334200F84F91 /* Project object */;
			proxyType = 1;
			remoteGlobalIDString = EB30275119E3334200F84F91;
			remoteInfo = TestProjectController;
		};
/* End PBXContainerItemProxy section */

/* Begin PBXFileReference section */
		EB0E0EBE19E706E100B7EEBE /* video_1080p.mp4 */ = {isa = PBXFileReference; lastKnownFileType = file; name = video_1080p.mp4; path = ../../VideoBenchSampleVideos/video_1080p.mp4; sourceTree = "<group>"; };
		EB0E0EC019E71C8800B7EEBE /* video_720p.mov */ = {isa = PBXFileReference; lastKnownFileType = video.quicktime; name = video_720p.mov; path = ../../VideoBenchSampleVideos/video_720p.mov; sourceTree = "<group>"; };
		EB30275219E3334200F84F91 /* TestProjectController.app */ = {isa = PBXFileReference; explicitFileType = wrapper.application; includeInIndex = 0; path = TestProjectController.app; sourceTree = BUILT_PRODUCTS_DIR; };
		EB30275619E3334200F84F91 /* Info.plist */ = {isa = PBXFileReference; lastKnownFileType = text.plist.xml; path = Info.plist; sourceTree = "<group>"; };
		EB30275719E3334200F84F91 /* AppDelegate.swift */ = {isa = PBXFileReference; lastKnownFileType = sourcecode.swift; path = AppDelegate.swift; sourceTree = "<group>"; };
		EB30275919E3334200F84F91 /* ViewController.swift */ = {isa = PBXFileReference; lastKnownFileType = sourcecode.swift; path = ViewController.swift; sourceTree = "<group>"; };
		EB30275C19E3334200F84F91 /* Base */ = {isa = PBXFileReference; lastKnownFileType = file.storyboard; name = Base; path = Base.lproj/Main.storyboard; sourceTree = "<group>"; };
		EB30275E19E3334200F84F91 /* Images.xcassets */ = {isa = PBXFileReference; lastKnownFileType = folder.assetcatalog; path = Images.xcassets; sourceTree = "<group>"; };
		EB30276119E3334200F84F91 /* Base */ = {isa = PBXFileReference; lastKnownFileType = file.xib; name = Base; path = Base.lproj/LaunchScreen.xib; sourceTree = "<group>"; };
		EB30276719E3334200F84F91 /* TestProjectControllerTests.xctest */ = {isa = PBXFileReference; explicitFileType = wrapper.cfbundle; includeInIndex = 0; path = TestProjectControllerTests.xctest; sourceTree = BUILT_PRODUCTS_DIR; };
		EB30276C19E3334200F84F91 /* Info.plist */ = {isa = PBXFileReference; lastKnownFileType = text.plist.xml; path = Info.plist; sourceTree = "<group>"; };
		EB30276D19E3334200F84F91 /* TestProjectControllerTests.swift */ = {isa = PBXFileReference; lastKnownFileType = sourcecode.swift; path = TestProjectControllerTests.swift; sourceTree = "<group>"; };
		EB30277719E3337300F84F91 /* CMProjectController.swift */ = {isa = PBXFileReference; fileEncoding = 4; lastKnownFileType = sourcecode.swift; path = CMProjectController.swift; sourceTree = "<group>"; };
		EB498B0419E5BF6F0096CA0A /* Nantucket Island Grove.mov */ = {isa = PBXFileReference; lastKnownFileType = video.quicktime; name = "Nantucket Island Grove.mov"; path = "../../VideoBenchSampleVideos/Nantucket Island Grove.mov"; sourceTree = "<group>"; };
/* End PBXFileReference section */

/* Begin PBXFrameworksBuildPhase section */
		EB30274F19E3334200F84F91 /* Frameworks */ = {
			isa = PBXFrameworksBuildPhase;
			buildActionMask = 2147483647;
			files = (
			);
			runOnlyForDeploymentPostprocessing = 0;
		};
		EB30276419E3334200F84F91 /* Frameworks */ = {
			isa = PBXFrameworksBuildPhase;
			buildActionMask = 2147483647;
			files = (
			);
			runOnlyForDeploymentPostprocessing = 0;
		};
/* End PBXFrameworksBuildPhase section */

/* Begin PBXGroup section */
		EB30274919E3334200F84F91 = {
			isa = PBXGroup;
			children = (
				EB30275419E3334200F84F91 /* TestProjectController */,
				EB30276A19E3334200F84F91 /* TestProjectControllerTests */,
				EB30275319E3334200F84F91 /* Products */,
			);
			sourceTree = "<group>";
		};
		EB30275319E3334200F84F91 /* Products */ = {
			isa = PBXGroup;
			children = (
				EB30275219E3334200F84F91 /* TestProjectController.app */,
				EB30276719E3334200F84F91 /* TestProjectControllerTests.xctest */,
			);
			name = Products;
			sourceTree = "<group>";
		};
		EB30275419E3334200F84F91 /* TestProjectController */ = {
			isa = PBXGroup;
			children = (
				EB30275719E3334200F84F91 /* AppDelegate.swift */,
				EB30275919E3334200F84F91 /* ViewController.swift */,
				EB30277719E3337300F84F91 /* CMProjectController.swift */,
				EB30275B19E3334200F84F91 /* Main.storyboard */,
				EB30275E19E3334200F84F91 /* Images.xcassets */,
				EB30276019E3334200F84F91 /* LaunchScreen.xib */,
				EB30275519E3334200F84F91 /* Supporting Files */,
			);
			path = TestProjectController;
			sourceTree = "<group>";
		};
		EB30275519E3334200F84F91 /* Supporting Files */ = {
			isa = PBXGroup;
			children = (
				EB498B0419E5BF6F0096CA0A /* Nantucket Island Grove.mov */,
				EB0E0EC019E71C8800B7EEBE /* video_720p.mov */,
				EB0E0EBE19E706E100B7EEBE /* video_1080p.mp4 */,
				EB30275619E3334200F84F91 /* Info.plist */,
			);
			name = "Supporting Files";
			sourceTree = "<group>";
		};
		EB30276A19E3334200F84F91 /* TestProjectControllerTests */ = {
			isa = PBXGroup;
			children = (
				EB30276D19E3334200F84F91 /* TestProjectControllerTests.swift */,
				EB30276B19E3334200F84F91 /* Supporting Files */,
			);
			path = TestProjectControllerTests;
			sourceTree = "<group>";
		};
		EB30276B19E3334200F84F91 /* Supporting Files */ = {
			isa = PBXGroup;
			children = (
				EB30276C19E3334200F84F91 /* Info.plist */,
			);
			name = "Supporting Files";
			sourceTree = "<group>";
		};
/* End PBXGroup section */

/* Begin PBXNativeTarget section */
		EB30275119E3334200F84F91 /* TestProjectController */ = {
			isa = PBXNativeTarget;
			buildConfigurationList = EB30277119E3334200F84F91 /* Build configuration list for PBXNativeTarget "TestProjectController" */;
			buildPhases = (
				EB30274E19E3334200F84F91 /* Sources */,
				EB30274F19E3334200F84F91 /* Frameworks */,
				EB30275019E3334200F84F91 /* Resources */,
			);
			buildRules = (
			);
			dependencies = (
			);
			name = TestProjectController;
			productName = TestProjectController;
			productReference = EB30275219E3334200F84F91 /* TestProjectController.app */;
			productType = "com.apple.product-type.application";
		};
		EB30276619E3334200F84F91 /* TestProjectControllerTests */ = {
			isa = PBXNativeTarget;
			buildConfigurationList = EB30277419E3334200F84F91 /* Build configuration list for PBXNativeTarget "TestProjectControllerTests" */;
			buildPhases = (
				EB30276319E3334200F84F91 /* Sources */,
				EB30276419E3334200F84F91 /* Frameworks */,
				EB30276519E3334200F84F91 /* Resources */,
			);
			buildRules = (
			);
			dependencies = (
				EB30276919E3334200F84F91 /* PBXTargetDependency */,
			);
			name = TestProjectControllerTests;
			productName = TestProjectControllerTests;
			productReference = EB30276719E3334200F84F91 /* TestProjectControllerTests.xctest */;
			productType = "com.apple.product-type.bundle.unit-test";
		};
/* End PBXNativeTarget section */

/* Begin PBXProject section */
		EB30274A19E3334200F84F91 /* Project object */ = {
			isa = PBXProject;
			attributes = {
				LastUpgradeCheck = 0600;
				ORGANIZATIONNAME = "Van Olmen, Marc";
				TargetAttributes = {
					EB30275119E3334200F84F91 = {
						CreatedOnToolsVersion = 6.0.1;
					};
					EB30276619E3334200F84F91 = {
						CreatedOnToolsVersion = 6.0.1;
						TestTargetID = EB30275119E3334200F84F91;
					};
				};
			};
			buildConfigurationList = EB30274D19E3334200F84F91 /* Build configuration list for PBXProject "TestProjectController" */;
			compatibilityVersion = "Xcode 3.2";
			developmentRegion = English;
			hasScannedForEncodings = 0;
			knownRegions = (
				en,
				Base,
			);
			mainGroup = EB30274919E3334200F84F91;
			productRefGroup = EB30275319E3334200F84F91 /* Products */;
			projectDirPath = "";
			projectRoot = "";
			targets = (
				EB30275119E3334200F84F91 /* TestProjectController */,
				EB30276619E3334200F84F91 /* TestProjectControllerTests */,
			);
		};
/* End PBXProject section */

/* Begin PBXResourcesBuildPhase section */
		EB30275019E3334200F84F91 /* Resources */ = {
			isa = PBXResourcesBuildPhase;
			buildActionMask = 2147483647;
			files = (
				EB30275D19E3334200F84F91 /* Main.storyboard in Resources */,
				EB0E0EBF19E7074E00B7EEBE /* video_1080p.mp4 in Resources */,
				EB498B0519E5BF6F0096CA0A /* Nantucket Island Grove.mov in Resources */,
				EB0E0EC119E71C8800B7EEBE /* video_720p.mov in Resources */,
				EB30276219E3334200F84F91 /* LaunchScreen.xib in Resources */,
				EB30275F19E3334200F84F91 /* Images.xcassets in Resources */,
			);
			runOnlyForDeploymentPostprocessing = 0;
		};
		EB30276519E3334200F84F91 /* Resources */ = {
			isa = PBXResourcesBuildPhase;
			buildActionMask = 2147483647;
			files = (
			);
			runOnlyForDeploymentPostprocessing = 0;
		};
/* End PBXResourcesBuildPhase section */

/* Begin PBXSourcesBuildPhase section */
		EB30274E19E3334200F84F91 /* Sources */ = {
			isa = PBXSourcesBuildPhase;
			buildActionMask = 2147483647;
			files = (
				EB30275A19E3334200F84F91 /* ViewController.swift in Sources */,
				EB30275819E3334200F84F91 /* AppDelegate.swift in Sources */,
				EB30277819E3337300F84F91 /* CMProjectController.swift in Sources */,
			);
			runOnlyForDeploymentPostprocessing = 0;
		};
		EB30276319E3334200F84F91 /* Sources */ = {
			isa = PBXSourcesBuildPhase;
			buildActionMask = 2147483647;
			files = (
				EB30276E19E3334200F84F91 /* TestProjectControllerTests.swift in Sources */,
			);
			runOnlyForDeploymentPostprocessing = 0;
		};
/* End PBXSourcesBuildPhase section */

/* Begin PBXTargetDependency section */
		EB30276919E3334200F84F91 /* PBXTargetDependency */ = {
			isa = PBXTargetDependency;
			target = EB30275119E3334200F84F91 /* TestProjectController */;
			targetProxy = EB30276819E3334200F84F91 /* PBXContainerItemProxy */;
		};
/* End PBXTargetDependency section */

/* Begin PBXVariantGroup section */
		EB30275B19E3334200F84F91 /* Main.storyboard */ = {
			isa = PBXVariantGroup;
			children = (
				EB30275C19E3334200F84F91 /* Base */,
			);
			name = Main.storyboard;
			sourceTree = "<group>";
		};
		EB30276019E3334200F84F91 /* LaunchScreen.xib */ = {
			isa = PBXVariantGroup;
			children = (
				EB30276119E3334200F84F91 /* Base */,
			);
			name = LaunchScreen.xib;
			sourceTree = "<group>";
		};
/* End PBXVariantGroup section */

/* Begin XCBuildConfiguration section */
		EB30276F19E3334200F84F91 /* Debug */ = {
			isa = XCBuildConfiguration;
			buildSettings = {
				ALWAYS_SEARCH_USER_PATHS = NO;
				CLANG_CXX_LANGUAGE_STANDARD = "gnu++0x";
				CLANG_CXX_LIBRARY = "libc++";
				CLANG_ENABLE_MODULES = YES;
				CLANG_ENABLE_OBJC_ARC = YES;
				CLANG_WARN_BOOL_CONVERSION = YES;
				CLANG_WARN_CONSTANT_CONVERSION = YES;
				CLANG_WARN_DIRECT_OBJC_ISA_USAGE = YES_ERROR;
				CLANG_WARN_EMPTY_BODY = YES;
				CLANG_WARN_ENUM_CONVERSION = YES;
				CLANG_WARN_INT_CONVERSION = YES;
				CLANG_WARN_OBJC_ROOT_CLASS = YES_ERROR;
				CLANG_WARN_UNREACHABLE_CODE = YES;
				CLANG_WARN__DUPLICATE_METHOD_MATCH = YES;
				"CODE_SIGN_IDENTITY[sdk=iphoneos*]" = "iPhone Developer";
				COPY_PHASE_STRIP = NO;
				ENABLE_STRICT_OBJC_MSGSEND = YES;
				GCC_C_LANGUAGE_STANDARD = gnu99;
				GCC_DYNAMIC_NO_PIC = NO;
				GCC_OPTIMIZATION_LEVEL = 0;
				GCC_PREPROCESSOR_DEFINITIONS = (
					"DEBUG=1",
					"$(inherited)",
				);
				GCC_SYMBOLS_PRIVATE_EXTERN = NO;
				GCC_WARN_64_TO_32_BIT_CONVERSION = YES;
				GCC_WARN_ABOUT_RETURN_TYPE = YES_ERROR;
				GCC_WARN_UNDECLARED_SELECTOR = YES;
				GCC_WARN_UNINITIALIZED_AUTOS = YES_AGGRESSIVE;
				GCC_WARN_UNUSED_FUNCTION = YES;
				GCC_WARN_UNUSED_VARIABLE = YES;
				IPHONEOS_DEPLOYMENT_TARGET = 8.0;
				MTL_ENABLE_DEBUG_INFO = YES;
				ONLY_ACTIVE_ARCH = YES;
				SDKROOT = iphoneos;
				SWIFT_OPTIMIZATION_LEVEL = "-Onone";
				TARGETED_DEVICE_FAMILY = "1,2";
			};
			name = Debug;
		};
		EB30277019E3334200F84F91 /* Release */ = {
			isa = XCBuildConfiguration;
			buildSettings = {
				ALWAYS_SEARCH_USER_PATHS = NO;
				CLANG_CXX_LANGUAGE_STANDARD = "gnu++0x";
				CLANG_CXX_LIBRARY = "libc++";
				CLANG_ENABLE_MODULES = YES;
				CLANG_ENABLE_OBJC_ARC = YES;
				CLANG_WARN_BOOL_CONVERSION = YES;
				CLANG_WARN_CONSTANT_CONVERSION = YES;
				CLANG_WARN_DIRECT_OBJC_ISA_USAGE = YES_ERROR;
				CLANG_WARN_EMPTY_BODY = YES;
				CLANG_WARN_ENUM_CONVERSION = YES;
				CLANG_WARN_INT_CONVERSION = YES;
				CLANG_WARN_OBJC_ROOT_CLASS = YES_ERROR;
				CLANG_WARN_UNREACHABLE_CODE = YES;
				CLANG_WARN__DUPLICATE_METHOD_MATCH = YES;
				"CODE_SIGN_IDENTITY[sdk=iphoneos*]" = "iPhone Developer";
				COPY_PHASE_STRIP = YES;
				ENABLE_NS_ASSERTIONS = NO;
				ENABLE_STRICT_OBJC_MSGSEND = YES;
				GCC_C_LANGUAGE_STANDARD = gnu99;
				GCC_WARN_64_TO_32_BIT_CONVERSION = YES;
				GCC_WARN_ABOUT_RETURN_TYPE = YES_ERROR;
				GCC_WARN_UNDECLARED_SELECTOR = YES;
				GCC_WARN_UNINITIALIZED_AUTOS = YES_AGGRESSIVE;
				GCC_WARN_UNUSED_FUNCTION = YES;
				GCC_WARN_UNUSED_VARIABLE = YES;
				IPHONEOS_DEPLOYMENT_TARGET = 8.0;
				MTL_ENABLE_DEBUG_INFO = NO;
				SDKROOT = iphoneos;
				TARGETED_DEVICE_FAMILY = "1,2";
				VALIDATE_PRODUCT = YES;
			};
			name = Release;
		};
		EB30277219E3334200F84F91 /* Debug */ = {
			isa = XCBuildConfiguration;
			buildSettings = {
				ASSETCATALOG_COMPILER_APPICON_NAME = AppIcon;
				INFOPLIST_FILE = TestProjectController/Info.plist;
				LD_RUNPATH_SEARCH_PATHS = "$(inherited) @executable_path/Frameworks";
				PRODUCT_NAME = "$(TARGET_NAME)";
			};
			name = Debug;
		};
		EB30277319E3334200F84F91 /* Release */ = {
			isa = XCBuildConfiguration;
			buildSettings = {
				ASSETCATALOG_COMPILER_APPICON_NAME = AppIcon;
				INFOPLIST_FILE = TestProjectController/Info.plist;
				LD_RUNPATH_SEARCH_PATHS = "$(inherited) @executable_path/Frameworks";
				PRODUCT_NAME = "$(TARGET_NAME)";
			};
			name = Release;
		};
		EB30277519E3334200F84F91 /* Debug */ = {
			isa = XCBuildConfiguration;
			buildSettings = {
				BUNDLE_LOADER = "$(TEST_HOST)";
				FRAMEWORK_SEARCH_PATHS = (
					"$(SDKROOT)/Developer/Library/Frameworks",
					"$(inherited)",
				);
				GCC_PREPROCESSOR_DEFINITIONS = (
					"DEBUG=1",
					"$(inherited)",
				);
				INFOPLIST_FILE = TestProjectControllerTests/Info.plist;
				LD_RUNPATH_SEARCH_PATHS = "$(inherited) @executable_path/Frameworks @loader_path/Frameworks";
				PRODUCT_NAME = "$(TARGET_NAME)";
				TEST_HOST = "$(BUILT_PRODUCTS_DIR)/TestProjectController.app/TestProjectController";
			};
			name = Debug;
		};
		EB30277619E3334200F84F91 /* Release */ = {
			isa = XCBuildConfiguration;
			buildSettings = {
				BUNDLE_LOADER = "$(TEST_HOST)";
				FRAMEWORK_SEARCH_PATHS = (
					"$(SDKROOT)/Developer/Library/Frameworks",
					"$(inherited)",
				);
				INFOPLIST_FILE = TestProjectControllerTests/Info.plist;
				LD_RUNPATH_SEARCH_PATHS = "$(inherited) @executable_path/Frameworks @loader_path/Frameworks";
				PRODUCT_NAME = "$(TARGET_NAME)";
				TEST_HOST = "$(BUILT_PRODUCTS_DIR)/TestProjectController.app/TestProjectController";
			};
			name = Release;
		};
/* End XCBuildConfiguration section */

/* Begin XCConfigurationList section */
		EB30274D19E3334200F84F91 /* Build configuration list for PBXProject "TestProjectController" */ = {
			isa = XCConfigurationList;
			buildConfigurations = (
				EB30276F19E3334200F84F91 /* Debug */,
				EB30277019E3334200F84F91 /* Release */,
			);
			defaultConfigurationIsVisible = 0;
			defaultConfigurationName = Release;
		};
		EB30277119E3334200F84F91 /* Build configuration list for PBXNativeTarget "TestProjectController" */ = {
			isa = XCConfigurationList;
			buildConfigurations = (
				EB30277219E3334200F84F91 /* Debug */,
				EB30277319E3334200F84F91 /* Release */,
			);
			defaultConfigurationIsVisible = 0;
			defaultConfigurationName = Release;
		};
		EB30277419E3334200F84F91 /* Build configuration list for PBXNativeTarget "TestProjectControllerTests" */ = {
			isa = XCConfigurationList;
			buildConfigurations = (
				EB30277519E3334200F84F91 /* Debug */,
				EB30277619E3334200F84F91 /* Release */,
			);
			defaultConfigurationIsVisible = 0;
			defaultConfigurationName = Release;
		};
/* End XCConfigurationList section */
	};
	rootObject = EB30274A19E3334200F84F91 /* Project object */;
}
